{
  "nodes": {
    "agenix": {
      "inputs": {
        "darwin": [
          "darwin"
        ],
        "home-manager": [
          "home"
        ],
        "nixpkgs": [
          "nixpkgs"
        ],
        "systems": "systems"
      },
      "locked": {
        "lastModified": 1723293904,
        "narHash": "sha256-b+uqzj+Wa6xgMS9aNbX4I+sXeb5biPDi39VgvSFqFvU=",
        "owner": "ryantm",
        "repo": "agenix",
        "rev": "f6291c5935fdc4e0bef208cfc0dcab7e3f7a1c41",
        "type": "github"
      },
      "original": {
        "owner": "ryantm",
        "repo": "agenix",
        "type": "github"
      }
    },
    "agenix-cli": {
      "inputs": {
        "flake-compat": "flake-compat",
        "flake-utils": "flake-utils",
        "nixpkgs": [
          "nixpkgs"
        ]
      },
      "locked": {
        "lastModified": 1734540527,
        "narHash": "sha256-DFxtUHnjzRovUxEmN4pAVCsPp2J/yobtZ8E7Ew7q/oo=",
        "owner": "cole-h",
        "repo": "agenix-cli",
        "rev": "649cde838b3ed0e98630836f8329d4664926b29b",
        "type": "github"
      },
      "original": {
        "owner": "cole-h",
        "repo": "agenix-cli",
        "type": "github"
      }
    },
    "darwin": {
      "inputs": {
        "nixpkgs": [
          "nixpkgs"
        ]
      },
      "locked": {
        "lastModified": 1733570843,
        "narHash": "sha256-sQJAxY1TYWD1UyibN/FnN97paTFuwBw3Vp3DNCyKsMk=",
        "owner": "LnL7",
        "repo": "nix-darwin",
        "rev": "a35b08d09efda83625bef267eb24347b446c80b8",
        "type": "github"
      },
      "original": {
        "owner": "LnL7",
        "repo": "nix-darwin",
        "type": "github"
      }
    },
    "flake-compat": {
      "locked": {
        "lastModified": 1733328505,
        "narHash": "sha256-NeCCThCEP3eCl2l/+27kNNK7QrwZB1IJCrXfrbv5oqU=",
        "owner": "edolstra",
        "repo": "flake-compat",
        "rev": "ff81ac966bb2cae68946d5ed5fc4994f96d0ffec",
        "type": "github"
      },
      "original": {
        "owner": "edolstra",
        "repo": "flake-compat",
        "type": "github"
      }
    },
    "flake-compat_2": {
      "locked": {
        "lastModified": 1733328505,
        "narHash": "sha256-NeCCThCEP3eCl2l/+27kNNK7QrwZB1IJCrXfrbv5oqU=",
        "owner": "edolstra",
        "repo": "flake-compat",
        "rev": "ff81ac966bb2cae68946d5ed5fc4994f96d0ffec",
        "type": "github"
      },
      "original": {
        "owner": "edolstra",
        "repo": "flake-compat",
        "type": "github"
      }
    },
    "flake-compat_3": {
      "flake": false,
      "locked": {
        "lastModified": 1696426674,
        "narHash": "sha256-kvjfFW7WAETZlt09AgDn1MrtKzP7t90Vf7vypd3OL1U=",
        "owner": "edolstra",
        "repo": "flake-compat",
        "rev": "0f9255e01c2351cc7d116c072cb317785dd33b33",
        "type": "github"
      },
      "original": {
        "owner": "edolstra",
        "repo": "flake-compat",
        "type": "github"
      }
    },
    "flake-parts": {
      "inputs": {
        "nixpkgs-lib": [
          "nix",
          "nixpkgs"
        ]
      },
      "locked": {
        "lastModified": 1719994518,
        "narHash": "sha256-pQMhCCHyQGRzdfAkdJ4cIWiw+JNuWsTX7f0ZYSyz0VY=",
        "owner": "hercules-ci",
        "repo": "flake-parts",
        "rev": "9227223f6d922fee3c7b190b2cc238a99527bbb7",
        "type": "github"
      },
      "original": {
        "owner": "hercules-ci",
        "repo": "flake-parts",
        "type": "github"
      }
    },
    "flake-utils": {
      "inputs": {
        "systems": "systems_2"
      },
      "locked": {
        "lastModified": 1731533236,
        "narHash": "sha256-l0KFg5HjrsfsO/JpG+r7fRrqm12kzFHyUHqHCVpMMbI=",
        "owner": "numtide",
        "repo": "flake-utils",
        "rev": "11707dc2f618dd54ca8739b309ec4fc024de578b",
        "type": "github"
      },
      "original": {
        "owner": "numtide",
        "repo": "flake-utils",
        "type": "github"
      }
    },
    "git-hooks-nix": {
      "inputs": {
        "flake-compat": [
          "nix"
        ],
        "gitignore": [
          "nix"
        ],
        "nixpkgs": [
          "nix",
          "nixpkgs"
        ],
        "nixpkgs-stable": [
          "nix",
          "nixpkgs"
        ]
      },
      "locked": {
        "lastModified": 1721042469,
        "narHash": "sha256-6FPUl7HVtvRHCCBQne7Ylp4p+dpP3P/OYuzjztZ4s70=",
        "owner": "cachix",
        "repo": "git-hooks.nix",
        "rev": "f451c19376071a90d8c58ab1a953c6e9840527fd",
        "type": "github"
      },
      "original": {
        "owner": "cachix",
        "repo": "git-hooks.nix",
        "type": "github"
      }
    },
    "home": {
      "inputs": {
        "nixpkgs": [
          "nixpkgs"
        ]
      },
      "locked": {
        "lastModified": 1734992499,
        "narHash": "sha256-f9UyHMTb+BwF6RDZ8eO9HOkSlKeeSPBlcYhMmV1UNIk=",
        "owner": "nix-community",
        "repo": "home-manager",
        "rev": "f1b1786ea77739dcd181b920d430e30fb1608b8a",
        "type": "github"
      },
      "original": {
        "owner": "nix-community",
        "repo": "home-manager",
        "type": "github"
      }
    },
    "libgit2": {
      "flake": false,
      "locked": {
        "lastModified": 1715853528,
        "narHash": "sha256-J2rCxTecyLbbDdsyBWn9w7r3pbKRMkI9E7RvRgAqBdY=",
        "owner": "libgit2",
        "repo": "libgit2",
        "rev": "36f7e21ad757a3dacc58cf7944329da6bc1d6e96",
        "type": "github"
      },
      "original": {
        "owner": "libgit2",
        "ref": "v1.8.1",
        "repo": "libgit2",
        "type": "github"
      }
    },
    "naersk": {
      "inputs": {
        "nixpkgs": [
          "nixpkgs"
        ]
      },
      "locked": {
        "lastModified": 1733346208,
        "narHash": "sha256-a4WZp1xQkrnA4BbnKrzJNr+dYoQr5Xneh2syJoddFyE=",
        "owner": "nix-community",
        "repo": "naersk",
        "rev": "378614f37a6bee5a3f2ef4f825a73d948d3ae921",
        "type": "github"
      },
      "original": {
        "owner": "nix-community",
        "repo": "naersk",
        "type": "github"
      }
    },
    "nix": {
      "inputs": {
        "flake-compat": "flake-compat_3",
        "flake-parts": "flake-parts",
        "git-hooks-nix": "git-hooks-nix",
        "libgit2": "libgit2",
        "nixpkgs": "nixpkgs",
        "nixpkgs-23-11": "nixpkgs-23-11",
        "nixpkgs-regression": "nixpkgs-regression"
      },
      "locked": {
        "lastModified": 1734708505,
        "narHash": "sha256-NyQErDMVmRB0xPLLylZcw1mIBH3d8bSue8Fp+vRBLso=",
        "owner": "nixos",
        "repo": "nix",
        "rev": "f72752c0dc6547b1568a9ef46deba875e38fada2",
        "type": "github"
      },
      "original": {
        "owner": "nixos",
        "repo": "nix",
        "type": "github"
      }
    },
    "nixpkgs": {
      "locked": {
        "lastModified": 1723688146,
        "narHash": "sha256-sqLwJcHYeWLOeP/XoLwAtYjr01TISlkOfz+NG82pbdg=",
        "owner": "NixOS",
        "repo": "nixpkgs",
        "rev": "c3d4ac725177c030b1e289015989da2ad9d56af0",
        "type": "github"
      },
      "original": {
        "owner": "NixOS",
        "ref": "nixos-24.05",
        "repo": "nixpkgs",
        "type": "github"
      }
    },
    "nixpkgs-23-11": {
      "locked": {
        "lastModified": 1717159533,
        "narHash": "sha256-oamiKNfr2MS6yH64rUn99mIZjc45nGJlj9eGth/3Xuw=",
        "owner": "NixOS",
        "repo": "nixpkgs",
        "rev": "a62e6edd6d5e1fa0329b8653c801147986f8d446",
        "type": "github"
      },
      "original": {
        "owner": "NixOS",
        "repo": "nixpkgs",
        "rev": "a62e6edd6d5e1fa0329b8653c801147986f8d446",
        "type": "github"
      }
    },
    "nixpkgs-regression": {
      "locked": {
        "lastModified": 1643052045,
        "narHash": "sha256-uGJ0VXIhWKGXxkeNnq4TvV3CIOkUJ3PAoLZ3HMzNVMw=",
        "owner": "NixOS",
        "repo": "nixpkgs",
        "rev": "215d4d0fd80ca5163643b03a33fde804a29cc1e2",
        "type": "github"
      },
      "original": {
        "owner": "NixOS",
        "repo": "nixpkgs",
        "rev": "215d4d0fd80ca5163643b03a33fde804a29cc1e2",
        "type": "github"
      }
    },
    "nixpkgs_2": {
      "locked": {
        "lastModified": 1734649271,
        "narHash": "sha256-4EVBRhOjMDuGtMaofAIqzJbg4Ql7Ai0PSeuVZTHjyKQ=",
        "owner": "nixos",
        "repo": "nixpkgs",
        "rev": "d70bd19e0a38ad4790d3913bf08fcbfc9eeca507",
        "type": "github"
      },
      "original": {
        "owner": "nixos",
        "ref": "nixos-unstable",
        "repo": "nixpkgs",
        "type": "github"
      }
    },
    "root": {
      "inputs": {
        "agenix": "agenix",
        "agenix-cli": "agenix-cli",
        "darwin": "darwin",
        "flake-compat": "flake-compat_2",
        "home": "home",
        "naersk": "naersk",
        "nix": "nix",
        "nixpkgs": "nixpkgs_2",
        "wezterm": "wezterm"
      }
    },
    "systems": {
      "locked": {
        "lastModified": 1681028828,
        "narHash": "sha256-Vy1rq5AaRuLzOxct8nz4T6wlgyUR7zLU309k9mBC768=",
        "owner": "nix-systems",
        "repo": "default",
        "rev": "da67096a3b9bf56a91d16901293e51ba5b49a27e",
        "type": "github"
      },
      "original": {
        "owner": "nix-systems",
        "repo": "default",
        "type": "github"
      }
    },
    "systems_2": {
      "locked": {
        "lastModified": 1681028828,
        "narHash": "sha256-Vy1rq5AaRuLzOxct8nz4T6wlgyUR7zLU309k9mBC768=",
        "owner": "nix-systems",
        "repo": "default",
        "rev": "da67096a3b9bf56a91d16901293e51ba5b49a27e",
        "type": "github"
      },
      "original": {
        "owner": "nix-systems",
        "repo": "default",
        "type": "github"
      }
    },
    "wezterm": {
      "flake": false,
      "locked": {
        "lastModified": 1719237287,
        "narHash": "sha256-UZXraq6wADGMHyTZokswkHmQ7VqUXFy1C32HfrM/D8U=",
        "ref": "refs/heads/main",
        "rev": "b6cc0382cb5af089c5a2039173cece194e861f46",
        "revCount": 8041,
        "submodules": true,
        "type": "git",
        "url": "https://github.com/wez/wezterm.git"
      },
      "original": {
        "rev": "b6cc0382cb5af089c5a2039173cece194e861f46",
        "submodules": true,
        "type": "git",
        "url": "https://github.com/wez/wezterm.git"
      }
    }
  },
  "root": "root",
  "version": 7
}
